
Microsoft Visual Studio Solution File, Format Version 12.00
# Visual Studio 15
VisualStudioVersion = 15.0.28307.271
MinimumVisualStudioVersion = 10.0.40219.1
Project("{FAE04EC0-301F-11D3-BF4B-00C04F79EFBC}") = "MicroBatchFrameworkSample", "MicroBatchFrameworkSample\MicroBatchFrameworkSample.csproj", "{10566264-D032-4D9A-820B-F1928E3E80A3}"
EndProject
Global
	GlobalSection(SolutionConfigurationPlatforms) = preSolution
		Debug|Any CPU = Debug|Any CPU
		Release|Any CPU = Release|Any CPU
	EndGlobalSection
	GlobalSection(ProjectConfigurationPlatforms) = postSolution
		{10566264-D032-4D9A-820B-F1928E3E80A3}.Debug|Any CPU.ActiveCfg = Debug|Any CPU
		{10566264-D032-4D9A-820B-F1928E3E80A3}.Debug|Any CPU.Build.0 = Debug|Any CPU
		{10566264-D032-4D9A-820B-F1928E3E80A3}.Release|Any CPU.ActiveCfg = Release|Any CPU
		{10566264-D032-4D9A-820B-F1928E3E80A3}.Release|Any CPU.Build.0 = Release|Any CPU
	EndGlobalSection
	GlobalSection(SolutionProperties) = preSolution
		HideSolutionNode = FALSE
	EndGlobalSection
	GlobalSection(ExtensibilityGlobals) = postSolution
		SolutionGuid = {E6C631A9-D2CE-4F44-9737-FB9239F4590B}
	EndGlobalSection
EndGlobal
